
Microsoft Visual Studio Solution File, Format Version 12.00
Project("{FAE04EC0-301F-11D3-BF4B-00C04F79EFBC}") = "Dezhnev.ConsoleClient", "Dezhnev.ConsoleClient\Dezhnev.ConsoleClient.csproj", "{44765AC2-7447-4F5B-9EDC-8FDA882405B8}"
EndProject
Project("{2150E333-8FDC-42A3-9474-1A3956D46DE8}") = "_SolutionFiles", "_SolutionFiles", "{FC7F5665-5AFC-4475-9038-A2E9E2F48E25}"
ProjectSection(SolutionItems) = preProject
	.gitignore = .gitignore
	readme.md = readme.md
EndProjectSection
EndProject
Global
	GlobalSection(SolutionConfigurationPlatforms) = preSolution
		Debug|Any CPU = Debug|Any CPU
		Release|Any CPU = Release|Any CPU
	EndGlobalSection
	GlobalSection(ProjectConfigurationPlatforms) = postSolution
		{44765AC2-7447-4F5B-9EDC-8FDA882405B8}.Debug|Any CPU.ActiveCfg = Debug|Any CPU
		{44765AC2-7447-4F5B-9EDC-8FDA882405B8}.Debug|Any CPU.Build.0 = Debug|Any CPU
		{44765AC2-7447-4F5B-9EDC-8FDA882405B8}.Release|Any CPU.ActiveCfg = Release|Any CPU
		{44765AC2-7447-4F5B-9EDC-8FDA882405B8}.Release|Any CPU.Build.0 = Release|Any CPU
	EndGlobalSection
EndGlobal
